{
  "pins" : [
    {
      "identity" : "swift-collections",
      "kind" : "remoteSourceControl",
      "location" : "https://github.com/apple/swift-collections",
      "state" : {
        "revision" : "2ca40e2a653e5e04a1c5468a35fc7494ef6db1d3"
      }
    },
    {
      "identity" : "swift-foundation",
      "kind" : "remoteSourceControl",
      "location" : "https://github.com/apple/swift-foundation.git",
      "state" : {
        "branch" : "main",
        "revision" : "66256622eb74d3cafc07915a3f19d5173d967885"
      }
    },
    {
      "identity" : "swift-foundation-icu",
      "kind" : "remoteSourceControl",
      "location" : "https://github.com/apple/swift-foundation-icu",
      "state" : {
        "revision" : "0c1de7149a39a9ff82d4db66234dec587b30a3ad"
      }
    }
  ],
  "version" : 2
}
